// !$*UTF8*$!
{
	archiveVersion = 1;
	classes = {
	};
	objectVersion = 46;
	objects = {

/* Begin PBXBuildFile section */
		1C01CB6E1CFF6F1B0051E7F7 /* background.png in Resources */ = {isa = PBXBuildFile; fileRef = 1C01CB681CFF6F1B0051E7F7 /* background.png */; };
		1C01CB6F1CFF6F1B0051E7F7 /* background@2x.png in Resources */ = {isa = PBXBuildFile; fileRef = 1C01CB691CFF6F1B0051E7F7 /* background@2x.png */; };
		1C01CB701CFF6F1B0051E7F7 /* happy.png in Resources */ = {isa = PBXBuildFile; fileRef = 1C01CB6A1CFF6F1B0051E7F7 /* happy.png */; };
		1C01CB711CFF6F1B0051E7F7 /* happy@2x.png in Resources */ = {isa = PBXBuildFile; fileRef = 1C01CB6B1CFF6F1B0051E7F7 /* happy@2x.png */; };
		1C01CB721CFF6F1B0051E7F7 /* sad.png in Resources */ = {isa = PBXBuildFile; fileRef = 1C01CB6C1CFF6F1B0051E7F7 /* sad.png */; };
		1C01CB731CFF6F1B0051E7F7 /* sad@2x.png in Resources */ = {isa = PBXBuildFile; fileRef = 1C01CB6D1CFF6F1B0051E7F7 /* sad@2x.png */; };
		1C01D6791CFE71F8000E20C9 /* AppDelegate.swift in Sources */ = {isa = PBXBuildFile; fileRef = 1C01D6781CFE71F8000E20C9 /* AppDelegate.swift */; };
		1C01D67B1CFE71F8000E20C9 /* ViewController.swift in Sources */ = {isa = PBXBuildFile; fileRef = 1C01D67A1CFE71F8000E20C9 /* ViewController.swift */; };
		1C01D67E1CFE71F8000E20C9 /* Main.storyboard in Resources */ = {isa = PBXBuildFile; fileRef = 1C01D67C1CFE71F8000E20C9 /* Main.storyboard */; };
		1C01D6801CFE71F8000E20C9 /* Assets.xcassets in Resources */ = {isa = PBXBuildFile; fileRef = 1C01D67F1CFE71F8000E20C9 /* Assets.xcassets */; };
		1C01D6831CFE71F8000E20C9 /* LaunchScreen.storyboard in Resources */ = {isa = PBXBuildFile; fileRef = 1C01D6811CFE71F8000E20C9 /* LaunchScreen.storyboard */; };
		1C01D68C1CFE779B000E20C9 /* HappyCell.swift in Sources */ = {isa = PBXBuildFile; fileRef = 1C01D68B1CFE779B000E20C9 /* HappyCell.swift */; };
		1C01D68E1CFE96E3000E20C9 /* HomeViewController.swift in Sources */ = {isa = PBXBuildFile; fileRef = 1C01D68D1CFE96E3000E20C9 /* HomeViewController.swift */; };
		1C01D6911CFEAB75000E20C9 /* Arrows.png in Resources */ = {isa = PBXBuildFile; fileRef = 1C01D6901CFEAB75000E20C9 /* Arrows.png */; };
		1C01D6931CFEAF79000E20C9 /* Arrows@2x.png in Resources */ = {isa = PBXBuildFile; fileRef = 1C01D6921CFEAF79000E20C9 /* Arrows@2x.png */; };
		1C01D6961CFEB4D8000E20C9 /* bakground.png in Resources */ = {isa = PBXBuildFile; fileRef = 1C01D6941CFEB4D8000E20C9 /* bakground.png */; };
		1C01D6971CFEB4D8000E20C9 /* bakground@2x.png in Resources */ = {isa = PBXBuildFile; fileRef = 1C01D6951CFEB4D8000E20C9 /* bakground@2x.png */; };
		1C01D6991CFEB61E000E20C9 /* girl-happy.jpg in Resources */ = {isa = PBXBuildFile; fileRef = 1C01D6981CFEB61E000E20C9 /* girl-happy.jpg */; };
		1C01D69B1CFEB746000E20C9 /* angry-baby-wallpaper.jpg in Resources */ = {isa = PBXBuildFile; fileRef = 1C01D69A1CFEB746000E20C9 /* angry-baby-wallpaper.jpg */; };
		1C01D69D1CFEB804000E20C9 /* happy-baby.png in Resources */ = {isa = PBXBuildFile; fileRef = 1C01D69C1CFEB804000E20C9 /* happy-baby.png */; };
		2F4FA29F1CFF5687007AF07A /* APIRequestService.swift in Sources */ = {isa = PBXBuildFile; fileRef = 2F4FA29E1CFF5687007AF07A /* APIRequestService.swift */; };
		2F4FA2A31CFF59D3007AF07A /* LoginViewController.swift in Sources */ = {isa = PBXBuildFile; fileRef = 2F4FA2A21CFF59D3007AF07A /* LoginViewController.swift */; };
		B098BBC299EC75537EA5932E /* Pods_Happy.framework in Frameworks */ = {isa = PBXBuildFile; fileRef = 93C194ECF903ADDF00F15F8B /* Pods_Happy.framework */; };
/* End PBXBuildFile section */

/* Begin PBXFileReference section */
		1C01CB681CFF6F1B0051E7F7 /* background.png */ = {isa = PBXFileReference; lastKnownFileType = image.png; path = background.png; sourceTree = "<group>"; };
		1C01CB691CFF6F1B0051E7F7 /* background@2x.png */ = {isa = PBXFileReference; lastKnownFileType = image.png; path = "background@2x.png"; sourceTree = "<group>"; };
		1C01CB6A1CFF6F1B0051E7F7 /* happy.png */ = {isa = PBXFileReference; lastKnownFileType = image.png; path = happy.png; sourceTree = "<group>"; };
		1C01CB6B1CFF6F1B0051E7F7 /* happy@2x.png */ = {isa = PBXFileReference; lastKnownFileType = image.png; path = "happy@2x.png"; sourceTree = "<group>"; };
		1C01CB6C1CFF6F1B0051E7F7 /* sad.png */ = {isa = PBXFileReference; lastKnownFileType = image.png; path = sad.png; sourceTree = "<group>"; };
		1C01CB6D1CFF6F1B0051E7F7 /* sad@2x.png */ = {isa = PBXFileReference; lastKnownFileType = image.png; path = "sad@2x.png"; sourceTree = "<group>"; };
		1C01D6751CFE71F8000E20C9 /* Happy.app */ = {isa = PBXFileReference; explicitFileType = wrapper.application; includeInIndex = 0; path = Happy.app; sourceTree = BUILT_PRODUCTS_DIR; };
		1C01D6781CFE71F8000E20C9 /* AppDelegate.swift */ = {isa = PBXFileReference; lastKnownFileType = sourcecode.swift; path = AppDelegate.swift; sourceTree = "<group>"; };
		1C01D67A1CFE71F8000E20C9 /* ViewController.swift */ = {isa = PBXFileReference; lastKnownFileType = sourcecode.swift; path = ViewController.swift; sourceTree = "<group>"; };
		1C01D67D1CFE71F8000E20C9 /* Base */ = {isa = PBXFileReference; lastKnownFileType = file.storyboard; name = Base; path = Base.lproj/Main.storyboard; sourceTree = "<group>"; };
		1C01D67F1CFE71F8000E20C9 /* Assets.xcassets */ = {isa = PBXFileReference; lastKnownFileType = folder.assetcatalog; path = Assets.xcassets; sourceTree = "<group>"; };
		1C01D6821CFE71F8000E20C9 /* Base */ = {isa = PBXFileReference; lastKnownFileType = file.storyboard; name = Base; path = Base.lproj/LaunchScreen.storyboard; sourceTree = "<group>"; };
		1C01D6841CFE71F8000E20C9 /* Info.plist */ = {isa = PBXFileReference; lastKnownFileType = text.plist.xml; path = Info.plist; sourceTree = "<group>"; };
		1C01D68B1CFE779B000E20C9 /* HappyCell.swift */ = {isa = PBXFileReference; fileEncoding = 4; lastKnownFileType = sourcecode.swift; name = HappyCell.swift; path = Classes/HappyCell.swift; sourceTree = "<group>"; };
		1C01D68D1CFE96E3000E20C9 /* HomeViewController.swift */ = {isa = PBXFileReference; fileEncoding = 4; lastKnownFileType = sourcecode.swift; name = HomeViewController.swift; path = Classes/HomeViewController.swift; sourceTree = "<group>"; };
		1C01D6901CFEAB75000E20C9 /* Arrows.png */ = {isa = PBXFileReference; lastKnownFileType = image.png; path = Arrows.png; sourceTree = "<group>"; };
		1C01D6921CFEAF79000E20C9 /* Arrows@2x.png */ = {isa = PBXFileReference; lastKnownFileType = image.png; path = "Arrows@2x.png"; sourceTree = "<group>"; };
		1C01D6941CFEB4D8000E20C9 /* bakground.png */ = {isa = PBXFileReference; lastKnownFileType = image.png; path = bakground.png; sourceTree = "<group>"; };
		1C01D6951CFEB4D8000E20C9 /* bakground@2x.png */ = {isa = PBXFileReference; lastKnownFileType = image.png; path = "bakground@2x.png"; sourceTree = "<group>"; };
		1C01D6981CFEB61E000E20C9 /* girl-happy.jpg */ = {isa = PBXFileReference; lastKnownFileType = image.jpeg; path = "girl-happy.jpg"; sourceTree = "<group>"; };
		1C01D69A1CFEB746000E20C9 /* angry-baby-wallpaper.jpg */ = {isa = PBXFileReference; lastKnownFileType = image.jpeg; path = "angry-baby-wallpaper.jpg"; sourceTree = "<group>"; };
		1C01D69C1CFEB804000E20C9 /* happy-baby.png */ = {isa = PBXFileReference; lastKnownFileType = image.png; path = "happy-baby.png"; sourceTree = "<group>"; };
		2F4FA29E1CFF5687007AF07A /* APIRequestService.swift */ = {isa = PBXFileReference; fileEncoding = 4; lastKnownFileType = sourcecode.swift; path = APIRequestService.swift; sourceTree = "<group>"; };
		2F4FA2A21CFF59D3007AF07A /* LoginViewController.swift */ = {isa = PBXFileReference; fileEncoding = 4; lastKnownFileType = sourcecode.swift; path = LoginViewController.swift; sourceTree = "<group>"; };
		3BD138AFF5A2DAA24BB88568 /* Pods-Happy.release.xcconfig */ = {isa = PBXFileReference; includeInIndex = 1; lastKnownFileType = text.xcconfig; name = "Pods-Happy.release.xcconfig"; path = "Pods/Target Support Files/Pods-Happy/Pods-Happy.release.xcconfig"; sourceTree = "<group>"; };
		41113787B273A85B8212A595 /* Pods-Happy.debug.xcconfig */ = {isa = PBXFileReference; includeInIndex = 1; lastKnownFileType = text.xcconfig; name = "Pods-Happy.debug.xcconfig"; path = "Pods/Target Support Files/Pods-Happy/Pods-Happy.debug.xcconfig"; sourceTree = "<group>"; };
		93C194ECF903ADDF00F15F8B /* Pods_Happy.framework */ = {isa = PBXFileReference; explicitFileType = wrapper.framework; includeInIndex = 0; path = Pods_Happy.framework; sourceTree = BUILT_PRODUCTS_DIR; };
/* End PBXFileReference section */

/* Begin PBXFrameworksBuildPhase section */
		1C01D6721CFE71F8000E20C9 /* Frameworks */ = {
			isa = PBXFrameworksBuildPhase;
			buildActionMask = 2147483647;
			files = (
				B098BBC299EC75537EA5932E /* Pods_Happy.framework in Frameworks */,
			);
			runOnlyForDeploymentPostprocessing = 0;
		};
/* End PBXFrameworksBuildPhase section */

/* Begin PBXGroup section */
		1C01D66C1CFE71F8000E20C9 = {
			isa = PBXGroup;
			children = (
				1C01D6771CFE71F8000E20C9 /* Happy */,
				1C01D6761CFE71F8000E20C9 /* Products */,
				CE3D26598BE4A1D7239F3921 /* Pods */,
				C7B7647A64BACB62347EF23E /* Frameworks */,
			);
			sourceTree = "<group>";
		};
		1C01D6761CFE71F8000E20C9 /* Products */ = {
			isa = PBXGroup;
			children = (
				1C01D6751CFE71F8000E20C9 /* Happy.app */,
			);
			name = Products;
			sourceTree = "<group>";
		};
		1C01D6771CFE71F8000E20C9 /* Happy */ = {
			isa = PBXGroup;
			children = (
				1C01D68F1CFEAB6E000E20C9 /* Assets */,
				1C01D68A1CFE777E000E20C9 /* Classes */,
				1C01D6781CFE71F8000E20C9 /* AppDelegate.swift */,
				1C01D67A1CFE71F8000E20C9 /* ViewController.swift */,
				1C01D67C1CFE71F8000E20C9 /* Main.storyboard */,
				1C01D67F1CFE71F8000E20C9 /* Assets.xcassets */,
				1C01D6811CFE71F8000E20C9 /* LaunchScreen.storyboard */,
				1C01D6841CFE71F8000E20C9 /* Info.plist */,
			);
			path = Happy;
			sourceTree = "<group>";
		};
		1C01D68A1CFE777E000E20C9 /* Classes */ = {
			isa = PBXGroup;
			children = (
				1C01D68B1CFE779B000E20C9 /* HappyCell.swift */,
				1C01D68D1CFE96E3000E20C9 /* HomeViewController.swift */,
				2F4FA29E1CFF5687007AF07A /* APIRequestService.swift */,
				2F4FA2A21CFF59D3007AF07A /* LoginViewController.swift */,
			);
			name = Classes;
			sourceTree = "<group>";
		};
		1C01D68F1CFEAB6E000E20C9 /* Assets */ = {
			isa = PBXGroup;
			children = (
				1C01CB681CFF6F1B0051E7F7 /* background.png */,
				1C01CB691CFF6F1B0051E7F7 /* background@2x.png */,
				1C01CB6A1CFF6F1B0051E7F7 /* happy.png */,
				1C01CB6B1CFF6F1B0051E7F7 /* happy@2x.png */,
				1C01CB6C1CFF6F1B0051E7F7 /* sad.png */,
				1C01CB6D1CFF6F1B0051E7F7 /* sad@2x.png */,
				1C01D69C1CFEB804000E20C9 /* happy-baby.png */,
				1C01D69A1CFEB746000E20C9 /* angry-baby-wallpaper.jpg */,
				1C01D6981CFEB61E000E20C9 /* girl-happy.jpg */,
				1C01D6941CFEB4D8000E20C9 /* bakground.png */,
				1C01D6951CFEB4D8000E20C9 /* bakground@2x.png */,
				1C01D6921CFEAF79000E20C9 /* Arrows@2x.png */,
				1C01D6901CFEAB75000E20C9 /* Arrows.png */,
			);
			name = Assets;
			sourceTree = "<group>";
		};
		C7B7647A64BACB62347EF23E /* Frameworks */ = {
			isa = PBXGroup;
			children = (
				93C194ECF903ADDF00F15F8B /* Pods_Happy.framework */,
			);
			name = Frameworks;
			sourceTree = "<group>";
		};
		CE3D26598BE4A1D7239F3921 /* Pods */ = {
			isa = PBXGroup;
			children = (
				41113787B273A85B8212A595 /* Pods-Happy.debug.xcconfig */,
				3BD138AFF5A2DAA24BB88568 /* Pods-Happy.release.xcconfig */,
			);
			name = Pods;
			sourceTree = "<group>";
		};
/* End PBXGroup section */

/* Begin PBXNativeTarget section */
		1C01D6741CFE71F8000E20C9 /* Happy */ = {
			isa = PBXNativeTarget;
			buildConfigurationList = 1C01D6871CFE71F8000E20C9 /* Build configuration list for PBXNativeTarget "Happy" */;
			buildPhases = (
				359CE02CC4E379E5C3691D47 /* 📦 Check Pods Manifest.lock */,
				1C01D6711CFE71F8000E20C9 /* Sources */,
				1C01D6721CFE71F8000E20C9 /* Frameworks */,
				1C01D6731CFE71F8000E20C9 /* Resources */,
				DB184AF99937142A6F933724 /* 📦 Embed Pods Frameworks */,
				83875C143375F1DA898CD795 /* 📦 Copy Pods Resources */,
			);
			buildRules = (
			);
			dependencies = (
			);
			name = Happy;
			productName = Happy;
			productReference = 1C01D6751CFE71F8000E20C9 /* Happy.app */;
			productType = "com.apple.product-type.application";
		};
/* End PBXNativeTarget section */

/* Begin PBXProject section */
		1C01D66D1CFE71F8000E20C9 /* Project object */ = {
			isa = PBXProject;
			attributes = {
				LastSwiftUpdateCheck = 0730;
				LastUpgradeCheck = 0730;
				ORGANIZATIONNAME = nearsoft;
				TargetAttributes = {
					1C01D6741CFE71F8000E20C9 = {
						CreatedOnToolsVersion = 7.3.1;
					};
				};
			};
			buildConfigurationList = 1C01D6701CFE71F8000E20C9 /* Build configuration list for PBXProject "Happy" */;
			compatibilityVersion = "Xcode 3.2";
			developmentRegion = English;
			hasScannedForEncodings = 0;
			knownRegions = (
				en,
				Base,
			);
			mainGroup = 1C01D66C1CFE71F8000E20C9;
			productRefGroup = 1C01D6761CFE71F8000E20C9 /* Products */;
			projectDirPath = "";
			projectRoot = "";
			targets = (
				1C01D6741CFE71F8000E20C9 /* Happy */,
			);
		};
/* End PBXProject section */

/* Begin PBXResourcesBuildPhase section */
		1C01D6731CFE71F8000E20C9 /* Resources */ = {
			isa = PBXResourcesBuildPhase;
			buildActionMask = 2147483647;
			files = (
				1C01D69D1CFEB804000E20C9 /* happy-baby.png in Resources */,
				1C01D69B1CFEB746000E20C9 /* angry-baby-wallpaper.jpg in Resources */,
				1C01CB701CFF6F1B0051E7F7 /* happy.png in Resources */,
				1C01D6971CFEB4D8000E20C9 /* bakground@2x.png in Resources */,
				1C01D6831CFE71F8000E20C9 /* LaunchScreen.storyboard in Resources */,
				1C01D6991CFEB61E000E20C9 /* girl-happy.jpg in Resources */,
				1C01D6801CFE71F8000E20C9 /* Assets.xcassets in Resources */,
				1C01D6931CFEAF79000E20C9 /* Arrows@2x.png in Resources */,
				1C01D6961CFEB4D8000E20C9 /* bakground.png in Resources */,
				1C01D67E1CFE71F8000E20C9 /* Main.storyboard in Resources */,
				1C01CB6E1CFF6F1B0051E7F7 /* background.png in Resources */,
				1C01CB6F1CFF6F1B0051E7F7 /* background@2x.png in Resources */,
				1C01CB721CFF6F1B0051E7F7 /* sad.png in Resources */,
				1C01D6911CFEAB75000E20C9 /* Arrows.png in Resources */,
				1C01CB711CFF6F1B0051E7F7 /* happy@2x.png in Resources */,
				1C01CB731CFF6F1B0051E7F7 /* sad@2x.png in Resources */,
			);
			runOnlyForDeploymentPostprocessing = 0;
		};
/* End PBXResourcesBuildPhase section */

/* Begin PBXShellScriptBuildPhase section */
		359CE02CC4E379E5C3691D47 /* 📦 Check Pods Manifest.lock */ = {
			isa = PBXShellScriptBuildPhase;
			buildActionMask = 2147483647;
			files = (
			);
			inputPaths = (
			);
			name = "📦 Check Pods Manifest.lock";
			outputPaths = (
			);
			runOnlyForDeploymentPostprocessing = 0;
			shellPath = /bin/sh;
			shellScript = "diff \"${PODS_ROOT}/../Podfile.lock\" \"${PODS_ROOT}/Manifest.lock\" > /dev/null\nif [[ $? != 0 ]] ; then\n    cat << EOM\nerror: The sandbox is not in sync with the Podfile.lock. Run 'pod install' or update your CocoaPods installation.\nEOM\n    exit 1\nfi\n";
			showEnvVarsInLog = 0;
		};
		83875C143375F1DA898CD795 /* 📦 Copy Pods Resources */ = {
			isa = PBXShellScriptBuildPhase;
			buildActionMask = 2147483647;
			files = (
			);
			inputPaths = (
			);
			name = "📦 Copy Pods Resources";
			outputPaths = (
			);
			runOnlyForDeploymentPostprocessing = 0;
			shellPath = /bin/sh;
			shellScript = "\"${SRCROOT}/Pods/Target Support Files/Pods-Happy/Pods-Happy-resources.sh\"\n";
			showEnvVarsInLog = 0;
		};
		DB184AF99937142A6F933724 /* 📦 Embed Pods Frameworks */ = {
			isa = PBXShellScriptBuildPhase;
			buildActionMask = 2147483647;
			files = (
			);
			inputPaths = (
			);
			name = "📦 Embed Pods Frameworks";
			outputPaths = (
			);
			runOnlyForDeploymentPostprocessing = 0;
			shellPath = /bin/sh;
			shellScript = "\"${SRCROOT}/Pods/Target Support Files/Pods-Happy/Pods-Happy-frameworks.sh\"\n";
			showEnvVarsInLog = 0;
		};
/* End PBXShellScriptBuildPhase section */

/* Begin PBXSourcesBuildPhase section */
		1C01D6711CFE71F8000E20C9 /* Sources */ = {
			isa = PBXSourcesBuildPhase;
			buildActionMask = 2147483647;
			files = (
				2F4FA2A31CFF59D3007AF07A /* LoginViewController.swift in Sources */,
				1C01D68C1CFE779B000E20C9 /* HappyCell.swift in Sources */,
				1C01D67B1CFE71F8000E20C9 /* ViewController.swift in Sources */,
				1C01D6791CFE71F8000E20C9 /* AppDelegate.swift in Sources */,
				2F4FA29F1CFF5687007AF07A /* APIRequestService.swift in Sources */,
				1C01D68E1CFE96E3000E20C9 /* HomeViewController.swift in Sources */,
			);
			runOnlyForDeploymentPostprocessing = 0;
		};
/* End PBXSourcesBuildPhase section */

/* Begin PBXVariantGroup section */
		1C01D67C1CFE71F8000E20C9 /* Main.storyboard */ = {
			isa = PBXVariantGroup;
			children = (
				1C01D67D1CFE71F8000E20C9 /* Base */,
			);
			name = Main.storyboard;
			sourceTree = "<group>";
		};
		1C01D6811CFE71F8000E20C9 /* LaunchScreen.storyboard */ = {
			isa = PBXVariantGroup;
			children = (
				1C01D6821CFE71F8000E20C9 /* Base */,
			);
			name = LaunchScreen.storyboard;
			sourceTree = "<group>";
		};
/* End PBXVariantGroup section */

/* Begin XCBuildConfiguration section */
		1C01D6851CFE71F8000E20C9 /* Debug */ = {
			isa = XCBuildConfiguration;
			buildSettings = {
				ALWAYS_SEARCH_USER_PATHS = NO;
				CLANG_ANALYZER_NONNULL = YES;
				CLANG_CXX_LANGUAGE_STANDARD = "gnu++0x";
				CLANG_CXX_LIBRARY = "libc++";
				CLANG_ENABLE_MODULES = YES;
				CLANG_ENABLE_OBJC_ARC = YES;
				CLANG_WARN_BOOL_CONVERSION = YES;
				CLANG_WARN_CONSTANT_CONVERSION = YES;
				CLANG_WARN_DIRECT_OBJC_ISA_USAGE = YES_ERROR;
				CLANG_WARN_EMPTY_BODY = YES;
				CLANG_WARN_ENUM_CONVERSION = YES;
				CLANG_WARN_INT_CONVERSION = YES;
				CLANG_WARN_OBJC_ROOT_CLASS = YES_ERROR;
				CLANG_WARN_UNREACHABLE_CODE = YES;
				CLANG_WARN__DUPLICATE_METHOD_MATCH = YES;
				"CODE_SIGN_IDENTITY[sdk=iphoneos*]" = "iPhone Developer";
				COPY_PHASE_STRIP = NO;
				DEBUG_INFORMATION_FORMAT = dwarf;
				ENABLE_STRICT_OBJC_MSGSEND = YES;
				ENABLE_TESTABILITY = YES;
				GCC_C_LANGUAGE_STANDARD = gnu99;
				GCC_DYNAMIC_NO_PIC = NO;
				GCC_NO_COMMON_BLOCKS = YES;
				GCC_OPTIMIZATION_LEVEL = 0;
				GCC_PREPROCESSOR_DEFINITIONS = (
					"DEBUG=1",
					"$(inherited)",
				);
				GCC_WARN_64_TO_32_BIT_CONVERSION = YES;
				GCC_WARN_ABOUT_RETURN_TYPE = YES_ERROR;
				GCC_WARN_UNDECLARED_SELECTOR = YES;
				GCC_WARN_UNINITIALIZED_AUTOS = YES_AGGRESSIVE;
				GCC_WARN_UNUSED_FUNCTION = YES;
				GCC_WARN_UNUSED_VARIABLE = YES;
				IPHONEOS_DEPLOYMENT_TARGET = 9.3;
				MTL_ENABLE_DEBUG_INFO = YES;
				ONLY_ACTIVE_ARCH = YES;
				SDKROOT = iphoneos;
				SWIFT_OPTIMIZATION_LEVEL = "-Onone";
			};
			name = Debug;
		};
		1C01D6861CFE71F8000E20C9 /* Release */ = {
			isa = XCBuildConfiguration;
			buildSettings = {
				ALWAYS_SEARCH_USER_PATHS = NO;
				CLANG_ANALYZER_NONNULL = YES;
				CLANG_CXX_LANGUAGE_STANDARD = "gnu++0x";
				CLANG_CXX_LIBRARY = "libc++";
				CLANG_ENABLE_MODULES = YES;
				CLANG_ENABLE_OBJC_ARC = YES;
				CLANG_WARN_BOOL_CONVERSION = YES;
				CLANG_WARN_CONSTANT_CONVERSION = YES;
				CLANG_WARN_DIRECT_OBJC_ISA_USAGE = YES_ERROR;
				CLANG_WARN_EMPTY_BODY = YES;
				CLANG_WARN_ENUM_CONVERSION = YES;
				CLANG_WARN_INT_CONVERSION = YES;
				CLANG_WARN_OBJC_ROOT_CLASS = YES_ERROR;
				CLANG_WARN_UNREACHABLE_CODE = YES;
				CLANG_WARN__DUPLICATE_METHOD_MATCH = YES;
				"CODE_SIGN_IDENTITY[sdk=iphoneos*]" = "iPhone Developer";
				COPY_PHASE_STRIP = NO;
				DEBUG_INFORMATION_FORMAT = "dwarf-with-dsym";
				ENABLE_NS_ASSERTIONS = NO;
				ENABLE_STRICT_OBJC_MSGSEND = YES;
				GCC_C_LANGUAGE_STANDARD = gnu99;
				GCC_NO_COMMON_BLOCKS = YES;
				GCC_WARN_64_TO_32_BIT_CONVERSION = YES;
				GCC_WARN_ABOUT_RETURN_TYPE = YES_ERROR;
				GCC_WARN_UNDECLARED_SELECTOR = YES;
				GCC_WARN_UNINITIALIZED_AUTOS = YES_AGGRESSIVE;
				GCC_WARN_UNUSED_FUNCTION = YES;
				GCC_WARN_UNUSED_VARIABLE = YES;
				IPHONEOS_DEPLOYMENT_TARGET = 9.3;
				MTL_ENABLE_DEBUG_INFO = NO;
				SDKROOT = iphoneos;
				VALIDATE_PRODUCT = YES;
			};
			name = Release;
		};
		1C01D6881CFE71F8000E20C9 /* Debug */ = {
			isa = XCBuildConfiguration;
			baseConfigurationReference = 41113787B273A85B8212A595 /* Pods-Happy.debug.xcconfig */;
			buildSettings = {
				ASSETCATALOG_COMPILER_APPICON_NAME = AppIcon;
				INFOPLIST_FILE = Happy/Info.plist;
				LD_RUNPATH_SEARCH_PATHS = "$(inherited) @executable_path/Frameworks";
				PRODUCT_BUNDLE_IDENTIFIER = com.nearsoft.Happy;
				PRODUCT_NAME = "$(TARGET_NAME)";
			};
			name = Debug;
		};
		1C01D6891CFE71F8000E20C9 /* Release */ = {
			isa = XCBuildConfiguration;
			baseConfigurationReference = 3BD138AFF5A2DAA24BB88568 /* Pods-Happy.release.xcconfig */;
			buildSettings = {
				ASSETCATALOG_COMPILER_APPICON_NAME = AppIcon;
				INFOPLIST_FILE = Happy/Info.plist;
				LD_RUNPATH_SEARCH_PATHS = "$(inherited) @executable_path/Frameworks";
				PRODUCT_BUNDLE_IDENTIFIER = com.nearsoft.Happy;
				PRODUCT_NAME = "$(TARGET_NAME)";
			};
			name = Release;
		};
/* End XCBuildConfiguration section */

/* Begin XCConfigurationList section */
		1C01D6701CFE71F8000E20C9 /* Build configuration list for PBXProject "Happy" */ = {
			isa = XCConfigurationList;
			buildConfigurations = (
				1C01D6851CFE71F8000E20C9 /* Debug */,
				1C01D6861CFE71F8000E20C9 /* Release */,
			);
			defaultConfigurationIsVisible = 0;
			defaultConfigurationName = Release;
		};
		1C01D6871CFE71F8000E20C9 /* Build configuration list for PBXNativeTarget "Happy" */ = {
			isa = XCConfigurationList;
			buildConfigurations = (
				1C01D6881CFE71F8000E20C9 /* Debug */,
				1C01D6891CFE71F8000E20C9 /* Release */,
			);
			defaultConfigurationIsVisible = 0;
			defaultConfigurationName = Release;
		};
/* End XCConfigurationList section */
	};
	rootObject = 1C01D66D1CFE71F8000E20C9 /* Project object */;
}
